<?xml version="1.0" encoding="utf-8"?>
<Project ToolsVersion="4.0" xmlns="http://schemas.microsoft.com/developer/msbuild/2003">
  <ItemGroup>
    <Filter Include="Source Files">
      <UniqueIdentifier>{147644bc-23d6-458f-bff9-82c2d0fc101b}</UniqueIdentifier>
      <Extensions>cpp;c;cxx;rc;def;r;odl;hpj;bat;for;f90</Extensions>
    </Filter>
    <Filter Include="Source Files\UTSource">
      <UniqueIdentifier>{b8619254-f176-4546-85f1-a2e7c332670e}</UniqueIdentifier>
    </Filter>
    <Filter Include="Header Files">
      <UniqueIdentifier>{391e04ae-42d2-430d-bed8-bdab75b49fe3}</UniqueIdentifier>
      <Extensions>h;hpp;hxx;hm;inl;fi;fd</Extensions>
    </Filter>
    <Filter Include="Resource Files">
      <UniqueIdentifier>{990f13d8-06e7-4d72-9703-5d4e34a7bff2}</UniqueIdentifier>
      <Extensions>ico;cur;bmp;dlg;rc2;rct;bin;cnt;rtf;gif;jpg;jpeg;jpe</Extensions>
    </Filter>
  </ItemGroup>
  <ItemGroup>
    <ClCompile Include="MAINFRM.CPP">
      <Filter>Source Files</Filter>
    </ClCompile>
    <ClCompile Include="PENDLG.CPP">
      <Filter>Source Files</Filter>
    </ClCompile>
    <ClCompile Include="SCRIBBLE.CPP">
      <Filter>Source Files</Filter>
    </ClCompile>
    <ClCompile Include="SCRIBDOC.CPP">
      <Filter>Source Files</Filter>
    </ClCompile>
    <ClCompile Include="SCRIBVW.CPP">
      <Filter>Source Files</Filter>
    </ClCompile>
    <ClCompile Include="STDAFX.CPP">
      <Filter>Source Files</Filter>
    </ClCompile>
    <ClCompile Include="..\..\..\source\UTSampleAbout\HtmlCtrl.cpp">
      <Filter>Source Files\UTSource</Filter>
    </ClCompile>
    <ClCompile Include="..\..\..\Source\Oxzoomvw.cpp">
      <Filter>Source Files\UTSource</Filter>
    </ClCompile>
    <ClCompile Include="..\..\..\source\UTBStrOp.cpp">
      <Filter>Source Files\UTSource</Filter>
    </ClCompile>
    <ClCompile Include="..\..\..\Source\UTSampleAbout\UTSampleAbout.cpp">
      <Filter>Source Files\UTSource</Filter>
    </ClCompile>
  </ItemGroup>
  <ItemGroup>
    <ResourceCompile Include="SCRIBBLE.RC">
      <Filter>Source Files</Filter>
    </ResourceCompile>
  </ItemGroup>
  <ItemGroup>
    <ClInclude Include="MAINFRM.H">
      <Filter>Header Files</Filter>
    </ClInclude>
    <ClInclude Include="PENDLG.H">
      <Filter>Header Files</Filter>
    </ClInclude>
    <ClInclude Include="SCRIBBLE.H">
      <Filter>Header Files</Filter>
    </ClInclude>
    <ClInclude Include="SCRIBDOC.H">
      <Filter>Header Files</Filter>
    </ClInclude>
    <ClInclude Include="SCRIBVW.H">
      <Filter>Header Files</Filter>
    </ClInclude>
    <ClInclude Include="STDAFX.H">
      <Filter>Header Files</Filter>
    </ClInclude>
  </ItemGroup>
  <ItemGroup>
    <Image Include="RES\SCRIBBLE.ICO">
      <Filter>Resource Files</Filter>
    </Image>
    <Image Include="RES\SCRIBDOC.ICO">
      <Filter>Resource Files</Filter>
    </Image>
    <Image Include="RES\TOOLBAR.BMP">
      <Filter>Resource Files</Filter>
    </Image>
  </ItemGroup>
  <ItemGroup>
    <None Include="RES\SCRIBBLE.RC2">
      <Filter>Resource Files</Filter>
    </None>
  </ItemGroup>
  <ItemGroup>
    <Manifest Include="Scribble.exe.manifest" />
  </ItemGroup>
</Project>