<?xml version="1.0" encoding="utf-8"?>
<Project ToolsVersion="4.0" xmlns="http://schemas.microsoft.com/developer/msbuild/2003">
  <ItemGroup>
    <Filter Include="Source Files">
      <UniqueIdentifier>{8c235a48-7dbf-4577-9f48-16e9f252600e}</UniqueIdentifier>
      <Extensions>cpp;c;cxx;rc;def;r;odl;idl;hpj;bat</Extensions>
    </Filter>
    <Filter Include="Source Files\Ultimate ToolBox">
      <UniqueIdentifier>{ff14d3ff-e50e-4a70-ab04-29ca22979354}</UniqueIdentifier>
      <Extensions>*.cpp</Extensions>
    </Filter>
    <Filter Include="Header Files">
      <UniqueIdentifier>{bda01be0-9002-43e0-bbad-c989fec1db08}</UniqueIdentifier>
      <Extensions>h;hpp;hxx;hm;inl</Extensions>
    </Filter>
    <Filter Include="Header Files\Ultimate ToolBox Headers">
      <UniqueIdentifier>{0650ba85-845f-4771-8b9a-1f5cf73665ba}</UniqueIdentifier>
      <Extensions>*.h</Extensions>
    </Filter>
    <Filter Include="Resource Files">
      <UniqueIdentifier>{6ae7c930-0653-4ad8-93c5-c9acb9a10587}</UniqueIdentifier>
      <Extensions>ico;cur;bmp;dlg;rc2;rct;bin;rgs;gif;jpg;jpeg;jpe</Extensions>
    </Filter>
  </ItemGroup>
  <ItemGroup>
    <ClCompile Include="ExtendedTreeControl.cpp">
      <Filter>Source Files</Filter>
    </ClCompile>
    <ClCompile Include="ExtendedTreeControlDlg.cpp">
      <Filter>Source Files</Filter>
    </ClCompile>
    <ClCompile Include="StdAfx.cpp">
      <Filter>Source Files</Filter>
    </ClCompile>
    <ClCompile Include="..\..\..\source\OXCalendar.cpp">
      <Filter>Source Files\Ultimate ToolBox</Filter>
    </ClCompile>
    <ClCompile Include="..\..\..\source\OXCalendarPopup.cpp">
      <Filter>Source Files\Ultimate ToolBox</Filter>
    </ClCompile>
    <ClCompile Include="..\..\..\source\OXHookWnd.cpp">
      <Filter>Source Files\Ultimate ToolBox</Filter>
    </ClCompile>
    <ClCompile Include="..\..\..\source\OXItemTip.cpp">
      <Filter>Source Files\Ultimate ToolBox</Filter>
    </ClCompile>
    <ClCompile Include="..\..\..\source\OXItemTipWnd.cpp">
      <Filter>Source Files\Ultimate ToolBox</Filter>
    </ClCompile>
    <ClCompile Include="..\..\..\source\OXLayoutManager.cpp">
      <Filter>Source Files\Ultimate ToolBox</Filter>
    </ClCompile>
    <ClCompile Include="..\..\..\source\OXSeparator.cpp">
      <Filter>Source Files\Ultimate ToolBox</Filter>
    </ClCompile>
    <ClCompile Include="..\..\..\source\OXTreeCal.cpp">
      <Filter>Source Files\Ultimate ToolBox</Filter>
    </ClCompile>
    <ClCompile Include="..\..\..\source\OXTreeCombo.cpp">
      <Filter>Source Files\Ultimate ToolBox</Filter>
    </ClCompile>
    <ClCompile Include="..\..\..\source\OXTreeCtrl.cpp">
      <Filter>Source Files\Ultimate ToolBox</Filter>
    </ClCompile>
    <ClCompile Include="..\..\..\source\OXTreeEdit.cpp">
      <Filter>Source Files\Ultimate ToolBox</Filter>
    </ClCompile>
    <ClCompile Include="..\..\..\source\OXTreeHeader.cpp">
      <Filter>Source Files\Ultimate ToolBox</Filter>
    </ClCompile>
    <ClCompile Include="..\..\..\source\OXTreeItem.cpp">
      <Filter>Source Files\Ultimate ToolBox</Filter>
    </ClCompile>
    <ClCompile Include="..\..\..\source\OXUxTheme.cpp">
      <Filter>Source Files\Ultimate ToolBox</Filter>
    </ClCompile>
    <ClCompile Include="..\..\..\source\UTBStrOp.cpp">
      <Filter>Source Files\Ultimate ToolBox</Filter>
    </ClCompile>
  </ItemGroup>
  <ItemGroup>
    <ResourceCompile Include="ExtendedTreeControl.rc">
      <Filter>Source Files</Filter>
    </ResourceCompile>
  </ItemGroup>
  <ItemGroup>
    <ClInclude Include="ExtendedTreeControl.h">
      <Filter>Header Files</Filter>
    </ClInclude>
    <ClInclude Include="ExtendedTreeControlDlg.h">
      <Filter>Header Files</Filter>
    </ClInclude>
    <ClInclude Include="Resource.h">
      <Filter>Header Files</Filter>
    </ClInclude>
    <ClInclude Include="StdAfx.h">
      <Filter>Header Files</Filter>
    </ClInclude>
    <ClInclude Include="..\..\..\include\OXTreeCal.h">
      <Filter>Header Files\Ultimate ToolBox Headers</Filter>
    </ClInclude>
    <ClInclude Include="..\..\..\include\OXTreeCtrl.h">
      <Filter>Header Files\Ultimate ToolBox Headers</Filter>
    </ClInclude>
    <ClInclude Include="..\..\..\include\OXTreeEdit.h">
      <Filter>Header Files\Ultimate ToolBox Headers</Filter>
    </ClInclude>
    <ClInclude Include="..\..\..\include\OXTreeHeader.h">
      <Filter>Header Files\Ultimate ToolBox Headers</Filter>
    </ClInclude>
    <ClInclude Include="..\..\..\include\OXTreeItem.h">
      <Filter>Header Files\Ultimate ToolBox Headers</Filter>
    </ClInclude>
  </ItemGroup>
  <ItemGroup>
    <Image Include="res\ExtendedTreeControl.ico">
      <Filter>Resource Files</Filter>
    </Image>
    <Image Include="..\..\..\One\Two\DemoBrowser\Demos\Controls\ExtendedTree\il_tree.bmp">
      <Filter>Resource Files</Filter>
    </Image>
    <Image Include="il_tree.bmp">
      <Filter>Resource Files</Filter>
    </Image>
  </ItemGroup>
  <ItemGroup>
    <None Include="res\ExtendedTreeControl.rc2">
      <Filter>Resource Files</Filter>
    </None>
  </ItemGroup>
  <ItemGroup>
    <Manifest Include="ExtendedTreeControl.exe.manifest" />
  </ItemGroup>
  <ItemGroup>
    <Text Include="ReadMe.txt" />
  </ItemGroup>
</Project>