<?xml version="1.0" encoding="utf-8"?>
<Project ToolsVersion="4.0" xmlns="http://schemas.microsoft.com/developer/msbuild/2003">
  <ItemGroup>
    <Filter Include="Source Files">
      <UniqueIdentifier>{bb70cd9c-8c17-4272-9483-8c7d0fb576f2}</UniqueIdentifier>
      <Extensions>cpp;c;cxx;rc;def;r;odl;hpj;bat;for;f90</Extensions>
    </Filter>
    <Filter Include="Source Files\UTSource">
      <UniqueIdentifier>{be2ec409-b3e6-4a35-a697-31f667a2acc6}</UniqueIdentifier>
    </Filter>
    <Filter Include="Header Files">
      <UniqueIdentifier>{2d79122f-5d69-4732-9263-315bc4f1524a}</UniqueIdentifier>
      <Extensions>h;hpp;hxx;hm;inl;fi;fd</Extensions>
    </Filter>
    <Filter Include="Resource Files">
      <UniqueIdentifier>{19968c46-422a-4ad7-b68a-553b0d6d1f3a}</UniqueIdentifier>
      <Extensions>ico;cur;bmp;dlg;rc2;rct;bin;cnt;rtf;gif;jpg;jpeg;jpe</Extensions>
    </Filter>
  </ItemGroup>
  <ItemGroup>
    <ClCompile Include="ChildFrm.cpp">
      <Filter>Source Files</Filter>
    </ClCompile>
    <ClCompile Include="DlgResEdit.cpp">
      <Filter>Source Files</Filter>
    </ClCompile>
    <ClCompile Include="MainFrm.cpp">
      <Filter>Source Files</Filter>
    </ClCompile>
    <ClCompile Include="ResFile.cpp">
      <Filter>Source Files</Filter>
    </ClCompile>
    <ClCompile Include="ResLibDoc.cpp">
      <Filter>Source Files</Filter>
    </ClCompile>
    <ClCompile Include="ResLibView.cpp">
      <Filter>Source Files</Filter>
    </ClCompile>
    <ClCompile Include="StdAfx.cpp">
      <Filter>Source Files</Filter>
    </ClCompile>
    <ClCompile Include="..\..\..\source\UTSampleAbout\HtmlCtrl.cpp">
      <Filter>Source Files\UTSource</Filter>
    </ClCompile>
    <ClCompile Include="..\..\..\Source\OXResourceFile.cpp">
      <Filter>Source Files\UTSource</Filter>
    </ClCompile>
    <ClCompile Include="..\..\..\Source\OXResourceLibrary.cpp">
      <Filter>Source Files\UTSource</Filter>
    </ClCompile>
    <ClCompile Include="..\..\..\source\UTBStrOp.cpp">
      <Filter>Source Files\UTSource</Filter>
    </ClCompile>
    <ClCompile Include="..\..\..\Source\UTSampleAbout\UTSampleAbout.cpp">
      <Filter>Source Files\UTSource</Filter>
    </ClCompile>
  </ItemGroup>
  <ItemGroup>
    <ResourceCompile Include="ResFile.rc">
      <Filter>Source Files</Filter>
    </ResourceCompile>
  </ItemGroup>
  <ItemGroup>
    <ClInclude Include="ChildFrm.h">
      <Filter>Header Files</Filter>
    </ClInclude>
    <ClInclude Include="DlgResEdit.h">
      <Filter>Header Files</Filter>
    </ClInclude>
    <ClInclude Include="MainFrm.h">
      <Filter>Header Files</Filter>
    </ClInclude>
    <ClInclude Include="ResFile.h">
      <Filter>Header Files</Filter>
    </ClInclude>
    <ClInclude Include="ResLibDoc.h">
      <Filter>Header Files</Filter>
    </ClInclude>
    <ClInclude Include="ResLibView.h">
      <Filter>Header Files</Filter>
    </ClInclude>
    <ClInclude Include="StdAfx.h">
      <Filter>Header Files</Filter>
    </ClInclude>
  </ItemGroup>
  <ItemGroup>
    <Image Include="res\imagelis.bmp">
      <Filter>Resource Files</Filter>
    </Image>
    <Image Include="res\ResFile.ico">
      <Filter>Resource Files</Filter>
    </Image>
    <Image Include="res\ResLibDoc.ico">
      <Filter>Resource Files</Filter>
    </Image>
    <Image Include="res\Toolbar.bmp">
      <Filter>Resource Files</Filter>
    </Image>
  </ItemGroup>
  <ItemGroup>
    <None Include="res\ResFile.rc2">
      <Filter>Resource Files</Filter>
    </None>
  </ItemGroup>
</Project>