<?xml version="1.0" encoding="utf-8"?>
<Project ToolsVersion="4.0" xmlns="http://schemas.microsoft.com/developer/msbuild/2003">
  <ItemGroup>
    <Filter Include="Source Files">
      <UniqueIdentifier>{c8af7abb-138c-45ca-a76a-0ba09e929ab2}</UniqueIdentifier>
      <Extensions>cpp;c;cxx;rc;def;r;odl;idl;hpj;bat</Extensions>
    </Filter>
    <Filter Include="Source Files\UTSource">
      <UniqueIdentifier>{532582ed-1e68-4e49-9bbe-db2cefd36c33}</UniqueIdentifier>
    </Filter>
    <Filter Include="Header Files">
      <UniqueIdentifier>{1752da53-ebf3-43a7-9064-0717b87abd74}</UniqueIdentifier>
      <Extensions>h;hpp;hxx;hm;inl</Extensions>
    </Filter>
    <Filter Include="Resource Files">
      <UniqueIdentifier>{ac56e6cd-9fce-4002-9739-7d088f88ecc5}</UniqueIdentifier>
      <Extensions>ico;cur;bmp;dlg;rc2;rct;bin;cnt;rtf;gif;jpg;jpeg;jpe</Extensions>
    </Filter>
  </ItemGroup>
  <ItemGroup>
    <ClCompile Include="Splash.cpp">
      <Filter>Source Files</Filter>
    </ClCompile>
    <ClCompile Include="SplashDlg.cpp">
      <Filter>Source Files</Filter>
    </ClCompile>
    <ClCompile Include="StdAfx.cpp">
      <Filter>Source Files</Filter>
    </ClCompile>
    <ClCompile Include="..\..\..\source\UTSampleAbout\HtmlCtrl.cpp">
      <Filter>Source Files\UTSource</Filter>
    </ClCompile>
    <ClCompile Include="..\..\..\Source\OXSplashWnd.cpp">
      <Filter>Source Files\UTSource</Filter>
    </ClCompile>
    <ClCompile Include="..\..\..\Source\OXSplashWndDIB.cpp">
      <Filter>Source Files\UTSource</Filter>
    </ClCompile>
    <ClCompile Include="..\..\..\source\UTBStrOp.cpp">
      <Filter>Source Files\UTSource</Filter>
    </ClCompile>
    <ClCompile Include="..\..\..\Source\UTSampleAbout\UTSampleAbout.cpp">
      <Filter>Source Files\UTSource</Filter>
    </ClCompile>
  </ItemGroup>
  <ItemGroup>
    <ResourceCompile Include="Splash.rc">
      <Filter>Source Files</Filter>
    </ResourceCompile>
  </ItemGroup>
  <ItemGroup>
    <ClInclude Include="Resource.h">
      <Filter>Header Files</Filter>
    </ClInclude>
    <ClInclude Include="Splash.h">
      <Filter>Header Files</Filter>
    </ClInclude>
    <ClInclude Include="SplashDlg.h">
      <Filter>Header Files</Filter>
    </ClInclude>
    <ClInclude Include="StdAfx.h">
      <Filter>Header Files</Filter>
    </ClInclude>
  </ItemGroup>
  <ItemGroup>
    <Image Include="res\sample.bmp">
      <Filter>Resource Files</Filter>
    </Image>
    <Image Include="res\sample1.bmp">
      <Filter>Resource Files</Filter>
    </Image>
    <Image Include="res\sample16.bmp">
      <Filter>Resource Files</Filter>
    </Image>
    <Image Include="res\sample256.bmp">
      <Filter>Resource Files</Filter>
    </Image>
    <Image Include="res\Splash.ico">
      <Filter>Resource Files</Filter>
    </Image>
    <Image Include="res\Splsh16.bmp">
      <Filter>Resource Files</Filter>
    </Image>
  </ItemGroup>
  <ItemGroup>
    <None Include="res\Splash.rc2">
      <Filter>Resource Files</Filter>
    </None>
  </ItemGroup>
  <ItemGroup>
    <Text Include="ReadMe.txt" />
  </ItemGroup>
</Project>