<?xml version="1.0" encoding="utf-8"?>
<Project ToolsVersion="4.0" xmlns="http://schemas.microsoft.com/developer/msbuild/2003">
  <ItemGroup>
    <Filter Include="Source Files">
      <UniqueIdentifier>{87df524d-877c-49cb-8911-7baddcaa85fe}</UniqueIdentifier>
    </Filter>
    <Filter Include="Header Files">
      <UniqueIdentifier>{7c9efc6d-70cf-4a4c-bdb6-211d21e93355}</UniqueIdentifier>
    </Filter>
    <Filter Include="Resource Files">
      <UniqueIdentifier>{b49d9a86-c95b-4f4a-8c2b-d66bd8a5b34a}</UniqueIdentifier>
    </Filter>
  </ItemGroup>
  <ItemGroup>
    <ClCompile Include="..\CPUID.C">
      <Filter>Source Files</Filter>
    </ClCompile>
    <ClCompile Include="..\Speed.c">
      <Filter>Source Files</Filter>
    </ClCompile>
  </ItemGroup>
  <ItemGroup>
    <ClInclude Include="..\cpuid.h">
      <Filter>Header Files</Filter>
    </ClInclude>
    <ClInclude Include="..\speed.h">
      <Filter>Header Files</Filter>
    </ClInclude>
  </ItemGroup>
  <ItemGroup>
    <CustomBuild Include="..\Cpuinf32.def">
      <Filter>Source Files</Filter>
    </CustomBuild>
  </ItemGroup>
</Project>