<?xml version="1.0" encoding="utf-8"?>
<Project ToolsVersion="4.0" xmlns="http://schemas.microsoft.com/developer/msbuild/2003">
  <ItemGroup>
    <Filter Include="Source Files">
      <UniqueIdentifier>{2c9852cb-3d69-4bb3-83d4-6b33e74eee39}</UniqueIdentifier>
      <Extensions>cpp;c;cxx;rc;def;r;odl;idl;hpj;bat</Extensions>
    </Filter>
    <Filter Include="Source Files\UTBSource">
      <UniqueIdentifier>{70aeb329-97ad-4be7-8cc8-e6498cbf2aa3}</UniqueIdentifier>
    </Filter>
    <Filter Include="Header Files">
      <UniqueIdentifier>{02ed9ccd-1f93-4b9d-a6dc-060882b2e662}</UniqueIdentifier>
      <Extensions>h;hpp;hxx;hm;inl</Extensions>
    </Filter>
    <Filter Include="Resource Files">
      <UniqueIdentifier>{d3fef5d3-c78c-40d5-a80c-8aad008b9b9a}</UniqueIdentifier>
      <Extensions>ico;cur;bmp;dlg;rc2;rct;bin;rgs;gif;jpg;jpeg;jpe</Extensions>
    </Filter>
  </ItemGroup>
  <ItemGroup>
    <ClCompile Include="RoundedButton.cpp">
      <Filter>Source Files</Filter>
    </ClCompile>
    <ClCompile Include="RoundedButtonDlg.cpp">
      <Filter>Source Files</Filter>
    </ClCompile>
    <ClCompile Include="RoundedButtonSamplesDlg.cpp">
      <Filter>Source Files</Filter>
    </ClCompile>
    <ClCompile Include="RoundedButtonSht.cpp">
      <Filter>Source Files</Filter>
    </ClCompile>
    <ClCompile Include="StdAfx.cpp">
      <Filter>Source Files</Filter>
    </ClCompile>
    <ClCompile Include="..\..\..\source\UTSampleAbout\HtmlCtrl.cpp">
      <Filter>Source Files\UTBSource</Filter>
    </ClCompile>
    <ClCompile Include="..\..\..\Source\OXBitmapButton.cpp">
      <Filter>Source Files\UTBSource</Filter>
    </ClCompile>
    <ClCompile Include="..\..\..\Source\OXColorPickerButton.cpp">
      <Filter>Source Files\UTBSource</Filter>
    </ClCompile>
    <ClCompile Include="..\..\..\Source\OXColorPickerCtrl.cpp">
      <Filter>Source Files\UTBSource</Filter>
    </ClCompile>
    <ClCompile Include="..\..\..\Source\OXGraphics.cpp">
      <Filter>Source Files\UTBSource</Filter>
    </ClCompile>
    <ClCompile Include="..\..\..\Source\OXPopupBarCtrl.cpp">
      <Filter>Source Files\UTBSource</Filter>
    </ClCompile>
    <ClCompile Include="..\..\..\Source\OXRoundedButton.cpp">
      <Filter>Source Files\UTBSource</Filter>
    </ClCompile>
    <ClCompile Include="..\..\..\Source\OXSeparator.cpp">
      <Filter>Source Files\UTBSource</Filter>
    </ClCompile>
    <ClCompile Include="..\..\..\Source\OXToolTipCtrl.cpp">
      <Filter>Source Files\UTBSource</Filter>
    </ClCompile>
    <ClCompile Include="..\..\..\source\UTBStrOp.cpp">
      <Filter>Source Files\UTBSource</Filter>
    </ClCompile>
    <ClCompile Include="..\..\..\Source\UTSampleAbout\UTSampleAbout.cpp">
      <Filter>Source Files\UTBSource</Filter>
    </ClCompile>
  </ItemGroup>
  <ItemGroup>
    <ResourceCompile Include="RoundedButton.rc">
      <Filter>Source Files</Filter>
    </ResourceCompile>
  </ItemGroup>
  <ItemGroup>
    <ClInclude Include="..\..\..\Include\OXBitmapButton.h">
      <Filter>Header Files</Filter>
    </ClInclude>
    <ClInclude Include="..\..\..\Include\OXGraphics.h">
      <Filter>Header Files</Filter>
    </ClInclude>
    <ClInclude Include="..\..\..\Include\OXRoundedButton.h">
      <Filter>Header Files</Filter>
    </ClInclude>
    <ClInclude Include="Resource.h">
      <Filter>Header Files</Filter>
    </ClInclude>
    <ClInclude Include="RoundedButton.h">
      <Filter>Header Files</Filter>
    </ClInclude>
    <ClInclude Include="RoundedButtonDlg.h">
      <Filter>Header Files</Filter>
    </ClInclude>
    <ClInclude Include="RoundedButtonSamplesDlg.h">
      <Filter>Header Files</Filter>
    </ClInclude>
    <ClInclude Include="RoundedButtonSht.h">
      <Filter>Header Files</Filter>
    </ClInclude>
    <ClInclude Include="StdAfx.h">
      <Filter>Header Files</Filter>
    </ClInclude>
  </ItemGroup>
  <ItemGroup>
    <Image Include="res\check_mark.ico">
      <Filter>Resource Files</Filter>
    </Image>
    <Image Include="res\earth.ico">
      <Filter>Resource Files</Filter>
    </Image>
    <Image Include="res\exclamation.ico">
      <Filter>Resource Files</Filter>
    </Image>
    <Image Include="res\icon1.ico">
      <Filter>Resource Files</Filter>
    </Image>
    <Image Include="res\icon_off.ico">
      <Filter>Resource Files</Filter>
    </Image>
    <Image Include="res\info.ico">
      <Filter>Resource Files</Filter>
    </Image>
    <Image Include="res\jupiter.ico">
      <Filter>Resource Files</Filter>
    </Image>
    <Image Include="res\moon.ico">
      <Filter>Resource Files</Filter>
    </Image>
    <Image Include="res\question.ico">
      <Filter>Resource Files</Filter>
    </Image>
    <Image Include="res\RoundedButton.ico">
      <Filter>Resource Files</Filter>
    </Image>
    <Image Include="res\sphere.ico">
      <Filter>Resource Files</Filter>
    </Image>
    <Image Include="res\spiral.ico">
      <Filter>Resource Files</Filter>
    </Image>
  </ItemGroup>
  <ItemGroup>
    <None Include="res\RoundedButton.rc2">
      <Filter>Resource Files</Filter>
    </None>
  </ItemGroup>
  <ItemGroup>
    <Text Include="ReadMe.txt" />
  </ItemGroup>
  <ItemGroup>
    <Manifest Include="RoundedButton.exe.manifest" />
  </ItemGroup>
</Project>